
Microsoft Visual Studio Solution File, Format Version 12.00
# Visual Studio Version 16
VisualStudioVersion = 16.0.31321.278
MinimumVisualStudioVersion = 10.0.40219.1
Project("{FAE04EC0-301F-11D3-BF4B-00C04F79EFBC}") = "WinFormsApp1", "WinFormsApp1.csproj", "{D78344D5-AB77-4975-9AC7-76AD25CB3101}"
EndProject
Global
	GlobalSection(SolutionConfigurationPlatforms) = preSolution
		Debug|Any CPU = Debug|Any CPU
		Release|Any CPU = Release|Any CPU
	EndGlobalSection
	GlobalSection(ProjectConfigurationPlatforms) = postSolution
		{D78344D5-AB77-4975-9AC7-76AD25CB3101}.Debug|Any CPU.ActiveCfg = Debug|Any CPU
		{D78344D5-AB77-4975-9AC7-76AD25CB3101}.Debug|Any CPU.Build.0 = Debug|Any CPU
		{D78344D5-AB77-4975-9AC7-76AD25CB3101}.Release|Any CPU.ActiveCfg = Release|Any CPU
		{D78344D5-AB77-4975-9AC7-76AD25CB3101}.Release|Any CPU.Build.0 = Release|Any CPU
	EndGlobalSection
	GlobalSection(SolutionProperties) = preSolution
		HideSolutionNode = FALSE
	EndGlobalSection
	GlobalSection(ExtensibilityGlobals) = postSolution
		SolutionGuid = {FD922C56-B561-46D2-B68E-93995385A170}
	EndGlobalSection
EndGlobal
