
Microsoft Visual Studio Solution File, Format Version 12.00
# Visual Studio Version 16
VisualStudioVersion = 16.0.31321.278
MinimumVisualStudioVersion = 10.0.40219.1
Project("{FAE04EC0-301F-11D3-BF4B-00C04F79EFBC}") = "ConsoleApp1", "ConsoleApp1.csproj", "{B058D4B8-59E7-4708-A20A-004EB179CD82}"
EndProject
Global
	GlobalSection(SolutionConfigurationPlatforms) = preSolution
		Debug|Any CPU = Debug|Any CPU
		Release|Any CPU = Release|Any CPU
	EndGlobalSection
	GlobalSection(ProjectConfigurationPlatforms) = postSolution
		{B058D4B8-59E7-4708-A20A-004EB179CD82}.Debug|Any CPU.ActiveCfg = Debug|Any CPU
		{B058D4B8-59E7-4708-A20A-004EB179CD82}.Debug|Any CPU.Build.0 = Debug|Any CPU
		{B058D4B8-59E7-4708-A20A-004EB179CD82}.Release|Any CPU.ActiveCfg = Release|Any CPU
		{B058D4B8-59E7-4708-A20A-004EB179CD82}.Release|Any CPU.Build.0 = Release|Any CPU
	EndGlobalSection
	GlobalSection(SolutionProperties) = preSolution
		HideSolutionNode = FALSE
	EndGlobalSection
	GlobalSection(ExtensibilityGlobals) = postSolution
		SolutionGuid = {BA85170B-B47A-4647-B84B-F75236592A8B}
	EndGlobalSection
EndGlobal
