
Microsoft Visual Studio Solution File, Format Version 12.00
# Visual Studio Version 17
VisualStudioVersion = 17.5.33424.131
MinimumVisualStudioVersion = 10.0.40219.1
Project("{FAE04EC0-301F-11D3-BF4B-00C04F79EFBC}") = "RestuarantApplication_03-03-2023", "RestuarantApplication_03-03-2023.csproj", "{5B98B22C-8229-491E-BA47-7BA4A005AE07}"
EndProject
Project("{FAE04EC0-301F-11D3-BF4B-00C04F79EFBC}") = "RestuarantApplication_03-03-2023.Tests", "..\RestuarantApplication_03-03-2023.Tests\RestuarantApplication_03-03-2023.Tests.csproj", "{EB19A293-06AD-405F-AA7E-12EB07E985E2}"
EndProject
Global
	GlobalSection(SolutionConfigurationPlatforms) = preSolution
		Debug|Any CPU = Debug|Any CPU
		Release|Any CPU = Release|Any CPU
	EndGlobalSection
	GlobalSection(ProjectConfigurationPlatforms) = postSolution
		{5B98B22C-8229-491E-BA47-7BA4A005AE07}.Debug|Any CPU.ActiveCfg = Debug|Any CPU
		{5B98B22C-8229-491E-BA47-7BA4A005AE07}.Debug|Any CPU.Build.0 = Debug|Any CPU
		{5B98B22C-8229-491E-BA47-7BA4A005AE07}.Release|Any CPU.ActiveCfg = Release|Any CPU
		{5B98B22C-8229-491E-BA47-7BA4A005AE07}.Release|Any CPU.Build.0 = Release|Any CPU
		{EB19A293-06AD-405F-AA7E-12EB07E985E2}.Debug|Any CPU.ActiveCfg = Debug|Any CPU
		{EB19A293-06AD-405F-AA7E-12EB07E985E2}.Debug|Any CPU.Build.0 = Debug|Any CPU
		{EB19A293-06AD-405F-AA7E-12EB07E985E2}.Release|Any CPU.ActiveCfg = Release|Any CPU
		{EB19A293-06AD-405F-AA7E-12EB07E985E2}.Release|Any CPU.Build.0 = Release|Any CPU
	EndGlobalSection
	GlobalSection(SolutionProperties) = preSolution
		HideSolutionNode = FALSE
	EndGlobalSection
	GlobalSection(ExtensibilityGlobals) = postSolution
		SolutionGuid = {62EC6E70-9B94-4EB2-ACEA-7DCEB2BE717F}
	EndGlobalSection
EndGlobal
